{
  "name": "selfBotTrading",
  "lockfileVersion": 3,
  "requires": true,
  "packages": {
    "": {
      "devDependencies": {
        "@unicode/unicode-12.0.0": "^1.3.1"
      }
    },
    "node_modules/@unicode/unicode-12.0.0": {
      "version": "1.3.1",
      "resolved": "https://registry.npmjs.org/@unicode/unicode-12.0.0/-/unicode-12.0.0-1.3.1.tgz",
      "integrity": "sha512-W+gfqJ9SCED3fgR6TEPHzo/qokmDPv0+KiG41Cn3VG03jeVvV2y3fqoNVwPe6E68hURy1QUU2V3CJqWzIS0ggw==",
      "dev": true
    }
  }
}
